
Microsoft Visual Studio Solution File, Format Version 12.00
# Visual Studio 15
VisualStudioVersion = 15.0.27428.2015
MinimumVisualStudioVersion = 10.0.40219.1
Project("{9A19103F-16F7-4668-BE54-9A1E7A4F7556}") = "API", "Api\API.csproj", "{AE7947A5-9C19-48DC-AEC8-CC8CF26C39A9}"
EndProject
Project("{9A19103F-16F7-4668-BE54-9A1E7A4F7556}") = "Models", "Models\Models.csproj", "{FF2873D8-F98E-4BB1-8295-B4A2019A526D}"
EndProject
Project("{9A19103F-16F7-4668-BE54-9A1E7A4F7556}") = "WebSite", "WebSite\WebSite.csproj", "{FE58A7C1-C9F8-47C9-B088-117361B22A7E}"
EndProject
Global
	GlobalSection(SolutionConfigurationPlatforms) = preSolution
		Debug|Any CPU = Debug|Any CPU
		Release|Any CPU = Release|Any CPU
	EndGlobalSection
	GlobalSection(ProjectConfigurationPlatforms) = postSolution
		{AE7947A5-9C19-48DC-AEC8-CC8CF26C39A9}.Debug|Any CPU.ActiveCfg = Debug|Any CPU
		{AE7947A5-9C19-48DC-AEC8-CC8CF26C39A9}.Debug|Any CPU.Build.0 = Debug|Any CPU
		{AE7947A5-9C19-48DC-AEC8-CC8CF26C39A9}.Release|Any CPU.ActiveCfg = Release|Any CPU
		{AE7947A5-9C19-48DC-AEC8-CC8CF26C39A9}.Release|Any CPU.Build.0 = Release|Any CPU
		{FF2873D8-F98E-4BB1-8295-B4A2019A526D}.Debug|Any CPU.ActiveCfg = Debug|Any CPU
		{FF2873D8-F98E-4BB1-8295-B4A2019A526D}.Debug|Any CPU.Build.0 = Debug|Any CPU
		{FF2873D8-F98E-4BB1-8295-B4A2019A526D}.Release|Any CPU.ActiveCfg = Release|Any CPU
		{FF2873D8-F98E-4BB1-8295-B4A2019A526D}.Release|Any CPU.Build.0 = Release|Any CPU
		{FE58A7C1-C9F8-47C9-B088-117361B22A7E}.Debug|Any CPU.ActiveCfg = Debug|Any CPU
		{FE58A7C1-C9F8-47C9-B088-117361B22A7E}.Debug|Any CPU.Build.0 = Debug|Any CPU
		{FE58A7C1-C9F8-47C9-B088-117361B22A7E}.Release|Any CPU.ActiveCfg = Release|Any CPU
		{FE58A7C1-C9F8-47C9-B088-117361B22A7E}.Release|Any CPU.Build.0 = Release|Any CPU
	EndGlobalSection
	GlobalSection(SolutionProperties) = preSolution
		HideSolutionNode = FALSE
	EndGlobalSection
	GlobalSection(ExtensibilityGlobals) = postSolution
		SolutionGuid = {3A7EBBB6-7997-48BA-BE32-F0E4CEBB5D2D}
	EndGlobalSection
	GlobalSection(TeamFoundationVersionControl) = preSolution
		SccNumberOfProjects = 3
		SccEnterpriseProvider = {4CA58AB2-18FA-4F8D-95D4-32DDF27D184C}
		SccTeamFoundationServer = https://ajesus.visualstudio.com/
		SccProjectUniqueName0 = Api\\API.csproj
		SccProjectName0 = Api
		SccAuxPath0 = https://ajesus.visualstudio.com
		SccLocalPath0 = Api
		SccProvider0 = {4CA58AB2-18FA-4F8D-95D4-32DDF27D184C}
		SccProjectUniqueName1 = Models\\Models.csproj
		SccProjectName1 = Models
		SccAuxPath1 = https://ajesus.visualstudio.com
		SccLocalPath1 = Models
		SccProvider1 = {4CA58AB2-18FA-4F8D-95D4-32DDF27D184C}
		SccProjectUniqueName2 = WebSite\\WebSite.csproj
		SccProjectName2 = WebSite
		SccAuxPath2 = https://ajesus.visualstudio.com
		SccLocalPath2 = WebSite
		SccProvider2 = {4CA58AB2-18FA-4F8D-95D4-32DDF27D184C}
	EndGlobalSection
EndGlobal
